// !$*UTF8*$!
{
	archiveVersion = 1;
	classes = {
	};
	objectVersion = 46;
	objects = {

/* Begin PBXBuildFile section */
		182A98B416BBBF7700121709 /* LoginViewController.m in Sources */ = {isa = PBXBuildFile; fileRef = 182A98B316BBBF7700121709 /* LoginViewController.m */; };
		182A98CB16BBD0B900121709 /* RegisterViewController.m in Sources */ = {isa = PBXBuildFile; fileRef = 182A98CA16BBD0B900121709 /* RegisterViewController.m */; };
		31560C2D16B67F83004D663B /* UIKit.framework in Frameworks */ = {isa = PBXBuildFile; fileRef = 31560C2C16B67F83004D663B /* UIKit.framework */; };
		31560C2F16B67F83004D663B /* Foundation.framework in Frameworks */ = {isa = PBXBuildFile; fileRef = 31560C2E16B67F83004D663B /* Foundation.framework */; };
		31560C3116B67F83004D663B /* CoreGraphics.framework in Frameworks */ = {isa = PBXBuildFile; fileRef = 31560C3016B67F83004D663B /* CoreGraphics.framework */; };
		31560C3716B67F83004D663B /* InfoPlist.strings in Resources */ = {isa = PBXBuildFile; fileRef = 31560C3516B67F83004D663B /* InfoPlist.strings */; };
		31560C3916B67F83004D663B /* main.m in Sources */ = {isa = PBXBuildFile; fileRef = 31560C3816B67F83004D663B /* main.m */; };
		31560C3D16B67F83004D663B /* AppDelegate.m in Sources */ = {isa = PBXBuildFile; fileRef = 31560C3C16B67F83004D663B /* AppDelegate.m */; };
		31560C3F16B67F83004D663B /* Default.png in Resources */ = {isa = PBXBuildFile; fileRef = 31560C3E16B67F83004D663B /* Default.png */; };
		31560C4116B67F83004D663B /* Default@2x.png in Resources */ = {isa = PBXBuildFile; fileRef = 31560C4016B67F83004D663B /* Default@2x.png */; };
		31560C4316B67F83004D663B /* Default-568h@2x.png in Resources */ = {isa = PBXBuildFile; fileRef = 31560C4216B67F83004D663B /* Default-568h@2x.png */; };
		31560C4616B67F83004D663B /* MainStoryboard_iPhone.storyboard in Resources */ = {isa = PBXBuildFile; fileRef = 31560C4416B67F83004D663B /* MainStoryboard_iPhone.storyboard */; };
		31560C4916B67F83004D663B /* MainStoryboard_iPad.storyboard in Resources */ = {isa = PBXBuildFile; fileRef = 31560C4716B67F83004D663B /* MainStoryboard_iPad.storyboard */; };
		31560C5D16B680DA004D663B /* CoreLocation.framework in Frameworks */ = {isa = PBXBuildFile; fileRef = 31560C5C16B680DA004D663B /* CoreLocation.framework */; };
		31560C6416B68234004D663B /* DetailViewController.m in Sources */ = {isa = PBXBuildFile; fileRef = 31560C6116B68234004D663B /* DetailViewController.m */; };
		31560C6516B68234004D663B /* MasterViewController.m in Sources */ = {isa = PBXBuildFile; fileRef = 31560C6316B68234004D663B /* MasterViewController.m */; };
		610AAE0C16B797A90049DCAA /* UIImage+iPhone5.m in Sources */ = {isa = PBXBuildFile; fileRef = 610AAE0B16B797A90049DCAA /* UIImage+iPhone5.m */; };
		610AAE1416B79A070049DCAA /* MasterCell.m in Sources */ = {isa = PBXBuildFile; fileRef = 610AAE1316B79A070049DCAA /* MasterCell.m */; };
		610CF72016B7C0560021EBC5 /* Task.m in Sources */ = {isa = PBXBuildFile; fileRef = 610CF71D16B7C0560021EBC5 /* Task.m */; };
		610CF72116B7C0560021EBC5 /* TodoList.m in Sources */ = {isa = PBXBuildFile; fileRef = 610CF71F16B7C0560021EBC5 /* TodoList.m */; };
		610CF73616B7E75A0021EBC5 /* back.png in Resources */ = {isa = PBXBuildFile; fileRef = 610CF72616B7E75A0021EBC5 /* back.png */; };
		610CF73716B7E75A0021EBC5 /* back@2x.png in Resources */ = {isa = PBXBuildFile; fileRef = 610CF72716B7E75A0021EBC5 /* back@2x.png */; };
		610CF73816B7E75A0021EBC5 /* ipad-arrow-selected.png in Resources */ = {isa = PBXBuildFile; fileRef = 610CF72816B7E75A0021EBC5 /* ipad-arrow-selected.png */; };
		610CF73916B7E75A0021EBC5 /* ipad-arrow-selected@2x.png in Resources */ = {isa = PBXBuildFile; fileRef = 610CF72916B7E75A0021EBC5 /* ipad-arrow-selected@2x.png */; };
		610CF73A16B7E75A0021EBC5 /* ipad-arrow.png in Resources */ = {isa = PBXBuildFile; fileRef = 610CF72A16B7E75A0021EBC5 /* ipad-arrow.png */; };
		610CF73B16B7E75A0021EBC5 /* ipad-arrow@2x.png in Resources */ = {isa = PBXBuildFile; fileRef = 610CF72B16B7E75A0021EBC5 /* ipad-arrow@2x.png */; };
		610CF73C16B7E75A0021EBC5 /* ipad-BG-pattern.png in Resources */ = {isa = PBXBuildFile; fileRef = 610CF72C16B7E75A0021EBC5 /* ipad-BG-pattern.png */; };
		610CF73D16B7E75A0021EBC5 /* ipad-BG-pattern@2x.png in Resources */ = {isa = PBXBuildFile; fileRef = 610CF72D16B7E75A0021EBC5 /* ipad-BG-pattern@2x.png */; };
		610CF73E16B7E75A0021EBC5 /* ipad-list-element.png in Resources */ = {isa = PBXBuildFile; fileRef = 610CF72E16B7E75A0021EBC5 /* ipad-list-element.png */; };
		610CF73F16B7E75A0021EBC5 /* ipad-list-element@2x.png in Resources */ = {isa = PBXBuildFile; fileRef = 610CF72F16B7E75A0021EBC5 /* ipad-list-element@2x.png */; };
		610CF74016B7E75A0021EBC5 /* ipad-list-item-selected.png in Resources */ = {isa = PBXBuildFile; fileRef = 610CF73016B7E75A0021EBC5 /* ipad-list-item-selected.png */; };
		610CF74116B7E75A0021EBC5 /* ipad-list-item-selected@2x.png in Resources */ = {isa = PBXBuildFile; fileRef = 610CF73116B7E75A0021EBC5 /* ipad-list-item-selected@2x.png */; };
		610CF74216B7E75A0021EBC5 /* ipad-menubar-left.png in Resources */ = {isa = PBXBuildFile; fileRef = 610CF73216B7E75A0021EBC5 /* ipad-menubar-left.png */; };
		610CF74316B7E75A0021EBC5 /* ipad-menubar-left@2x.png in Resources */ = {isa = PBXBuildFile; fileRef = 610CF73316B7E75A0021EBC5 /* ipad-menubar-left@2x.png */; };
		610CF74416B7E75A0021EBC5 /* ipad-text-input.png in Resources */ = {isa = PBXBuildFile; fileRef = 610CF73416B7E75A0021EBC5 /* ipad-text-input.png */; };
		610CF74516B7E75A0021EBC5 /* ipad-text-input@2x.png in Resources */ = {isa = PBXBuildFile; fileRef = 610CF73516B7E75A0021EBC5 /* ipad-text-input@2x.png */; };
		610CF78016B7F7160021EBC5 /* ipad-menubar-right.png in Resources */ = {isa = PBXBuildFile; fileRef = 610CF77E16B7F7160021EBC5 /* ipad-menubar-right.png */; };
		610CF78116B7F7160021EBC5 /* ipad-menubar-right@2x.png in Resources */ = {isa = PBXBuildFile; fileRef = 610CF77F16B7F7160021EBC5 /* ipad-menubar-right@2x.png */; };
		841A2D0C4ABC41558B2A947F /* libPods.a in Frameworks */ = {isa = PBXBuildFile; fileRef = 4170EBF46299496AAE054FA9 /* libPods.a */; };
/* End PBXBuildFile section */

/* Begin PBXFileReference section */
		182A98B216BBBF7700121709 /* LoginViewController.h */ = {isa = PBXFileReference; fileEncoding = 4; lastKnownFileType = sourcecode.c.h; path = LoginViewController.h; sourceTree = "<group>"; };
		182A98B316BBBF7700121709 /* LoginViewController.m */ = {isa = PBXFileReference; fileEncoding = 4; lastKnownFileType = sourcecode.c.objc; path = LoginViewController.m; sourceTree = "<group>"; };
		182A98C916BBD0B900121709 /* RegisterViewController.h */ = {isa = PBXFileReference; fileEncoding = 4; lastKnownFileType = sourcecode.c.h; path = RegisterViewController.h; sourceTree = "<group>"; };
		182A98CA16BBD0B900121709 /* RegisterViewController.m */ = {isa = PBXFileReference; fileEncoding = 4; lastKnownFileType = sourcecode.c.objc; path = RegisterViewController.m; sourceTree = "<group>"; };
		31560C2816B67F83004D663B /* Todo List.app */ = {isa = PBXFileReference; explicitFileType = wrapper.application; includeInIndex = 0; path = "Todo List.app"; sourceTree = BUILT_PRODUCTS_DIR; };
		31560C2C16B67F83004D663B /* UIKit.framework */ = {isa = PBXFileReference; lastKnownFileType = wrapper.framework; name = UIKit.framework; path = System/Library/Frameworks/UIKit.framework; sourceTree = SDKROOT; };
		31560C2E16B67F83004D663B /* Foundation.framework */ = {isa = PBXFileReference; lastKnownFileType = wrapper.framework; name = Foundation.framework; path = System/Library/Frameworks/Foundation.framework; sourceTree = SDKROOT; };
		31560C3016B67F83004D663B /* CoreGraphics.framework */ = {isa = PBXFileReference; lastKnownFileType = wrapper.framework; name = CoreGraphics.framework; path = System/Library/Frameworks/CoreGraphics.framework; sourceTree = SDKROOT; };
		31560C3416B67F83004D663B /* Todo List-Info.plist */ = {isa = PBXFileReference; lastKnownFileType = text.plist.xml; path = "Todo List-Info.plist"; sourceTree = "<group>"; };
		31560C3616B67F83004D663B /* en */ = {isa = PBXFileReference; lastKnownFileType = text.plist.strings; name = en; path = en.lproj/InfoPlist.strings; sourceTree = "<group>"; };
		31560C3816B67F83004D663B /* main.m */ = {isa = PBXFileReference; lastKnownFileType = sourcecode.c.objc; path = main.m; sourceTree = "<group>"; };
		31560C3A16B67F83004D663B /* Todo List-Prefix.pch */ = {isa = PBXFileReference; lastKnownFileType = sourcecode.c.h; path = "Todo List-Prefix.pch"; sourceTree = "<group>"; };
		31560C3B16B67F83004D663B /* AppDelegate.h */ = {isa = PBXFileReference; lastKnownFileType = sourcecode.c.h; path = AppDelegate.h; sourceTree = "<group>"; };
		31560C3C16B67F83004D663B /* AppDelegate.m */ = {isa = PBXFileReference; lastKnownFileType = sourcecode.c.objc; path = AppDelegate.m; sourceTree = "<group>"; };
		31560C3E16B67F83004D663B /* Default.png */ = {isa = PBXFileReference; lastKnownFileType = image.png; path = Default.png; sourceTree = "<group>"; };
		31560C4016B67F83004D663B /* Default@2x.png */ = {isa = PBXFileReference; lastKnownFileType = image.png; path = "Default@2x.png"; sourceTree = "<group>"; };
		31560C4216B67F83004D663B /* Default-568h@2x.png */ = {isa = PBXFileReference; lastKnownFileType = image.png; path = "Default-568h@2x.png"; sourceTree = "<group>"; };
		31560C4516B67F83004D663B /* en */ = {isa = PBXFileReference; lastKnownFileType = file.storyboard; name = en; path = en.lproj/MainStoryboard_iPhone.storyboard; sourceTree = "<group>"; };
		31560C4816B67F83004D663B /* en */ = {isa = PBXFileReference; lastKnownFileType = file.storyboard; name = en; path = en.lproj/MainStoryboard_iPad.storyboard; sourceTree = "<group>"; };
		31560C5C16B680DA004D663B /* CoreLocation.framework */ = {isa = PBXFileReference; lastKnownFileType = wrapper.framework; name = CoreLocation.framework; path = System/Library/Frameworks/CoreLocation.framework; sourceTree = SDKROOT; };
		31560C6016B68234004D663B /* DetailViewController.h */ = {isa = PBXFileReference; fileEncoding = 4; lastKnownFileType = sourcecode.c.h; path = DetailViewController.h; sourceTree = "<group>"; };
		31560C6116B68234004D663B /* DetailViewController.m */ = {isa = PBXFileReference; fileEncoding = 4; lastKnownFileType = sourcecode.c.objc; path = DetailViewController.m; sourceTree = "<group>"; };
		31560C6216B68234004D663B /* MasterViewController.h */ = {isa = PBXFileReference; fileEncoding = 4; lastKnownFileType = sourcecode.c.h; path = MasterViewController.h; sourceTree = "<group>"; };
		31560C6316B68234004D663B /* MasterViewController.m */ = {isa = PBXFileReference; fileEncoding = 4; lastKnownFileType = sourcecode.c.objc; path = MasterViewController.m; sourceTree = "<group>"; };
		4170EBF46299496AAE054FA9 /* libPods.a */ = {isa = PBXFileReference; explicitFileType = archive.ar; includeInIndex = 0; path = libPods.a; sourceTree = BUILT_PRODUCTS_DIR; };
		4E80C135DDC0486E84ECC86B /* Pods.xcconfig */ = {isa = PBXFileReference; includeInIndex = 1; lastKnownFileType = text.xcconfig; name = Pods.xcconfig; path = Pods/Pods.xcconfig; sourceTree = SOURCE_ROOT; };
		610AAE0A16B797A90049DCAA /* UIImage+iPhone5.h */ = {isa = PBXFileReference; fileEncoding = 4; lastKnownFileType = sourcecode.c.h; path = "UIImage+iPhone5.h"; sourceTree = "<group>"; };
		610AAE0B16B797A90049DCAA /* UIImage+iPhone5.m */ = {isa = PBXFileReference; fileEncoding = 4; lastKnownFileType = sourcecode.c.objc; path = "UIImage+iPhone5.m"; sourceTree = "<group>"; };
		610AAE1216B79A070049DCAA /* MasterCell.h */ = {isa = PBXFileReference; fileEncoding = 4; lastKnownFileType = sourcecode.c.h; path = MasterCell.h; sourceTree = "<group>"; };
		610AAE1316B79A070049DCAA /* MasterCell.m */ = {isa = PBXFileReference; fileEncoding = 4; lastKnownFileType = sourcecode.c.objc; path = MasterCell.m; sourceTree = "<group>"; };
		610CF71C16B7C0560021EBC5 /* Task.h */ = {isa = PBXFileReference; fileEncoding = 4; lastKnownFileType = sourcecode.c.h; path = Task.h; sourceTree = "<group>"; };
		610CF71D16B7C0560021EBC5 /* Task.m */ = {isa = PBXFileReference; fileEncoding = 4; lastKnownFileType = sourcecode.c.objc; path = Task.m; sourceTree = "<group>"; };
		610CF71E16B7C0560021EBC5 /* TodoList.h */ = {isa = PBXFileReference; fileEncoding = 4; lastKnownFileType = sourcecode.c.h; path = TodoList.h; sourceTree = "<group>"; };
		610CF71F16B7C0560021EBC5 /* TodoList.m */ = {isa = PBXFileReference; fileEncoding = 4; lastKnownFileType = sourcecode.c.objc; path = TodoList.m; sourceTree = "<group>"; };
		610CF72616B7E75A0021EBC5 /* back.png */ = {isa = PBXFileReference; lastKnownFileType = image.png; path = back.png; sourceTree = "<group>"; };
		610CF72716B7E75A0021EBC5 /* back@2x.png */ = {isa = PBXFileReference; lastKnownFileType = image.png; path = "back@2x.png"; sourceTree = "<group>"; };
		610CF72816B7E75A0021EBC5 /* ipad-arrow-selected.png */ = {isa = PBXFileReference; lastKnownFileType = image.png; path = "ipad-arrow-selected.png"; sourceTree = "<group>"; };
		610CF72916B7E75A0021EBC5 /* ipad-arrow-selected@2x.png */ = {isa = PBXFileReference; lastKnownFileType = image.png; path = "ipad-arrow-selected@2x.png"; sourceTree = "<group>"; };
		610CF72A16B7E75A0021EBC5 /* ipad-arrow.png */ = {isa = PBXFileReference; lastKnownFileType = image.png; path = "ipad-arrow.png"; sourceTree = "<group>"; };
		610CF72B16B7E75A0021EBC5 /* ipad-arrow@2x.png */ = {isa = PBXFileReference; lastKnownFileType = image.png; path = "ipad-arrow@2x.png"; sourceTree = "<group>"; };
		610CF72C16B7E75A0021EBC5 /* ipad-BG-pattern.png */ = {isa = PBXFileReference; lastKnownFileType = image.png; path = "ipad-BG-pattern.png"; sourceTree = "<group>"; };
		610CF72D16B7E75A0021EBC5 /* ipad-BG-pattern@2x.png */ = {isa = PBXFileReference; lastKnownFileType = image.png; path = "ipad-BG-pattern@2x.png"; sourceTree = "<group>"; };
		610CF72E16B7E75A0021EBC5 /* ipad-list-element.png */ = {isa = PBXFileReference; lastKnownFileType = image.png; path = "ipad-list-element.png"; sourceTree = "<group>"; };
		610CF72F16B7E75A0021EBC5 /* ipad-list-element@2x.png */ = {isa = PBXFileReference; lastKnownFileType = image.png; path = "ipad-list-element@2x.png"; sourceTree = "<group>"; };
		610CF73016B7E75A0021EBC5 /* ipad-list-item-selected.png */ = {isa = PBXFileReference; lastKnownFileType = image.png; path = "ipad-list-item-selected.png"; sourceTree = "<group>"; };
		610CF73116B7E75A0021EBC5 /* ipad-list-item-selected@2x.png */ = {isa = PBXFileReference; lastKnownFileType = image.png; path = "ipad-list-item-selected@2x.png"; sourceTree = "<group>"; };
		610CF73216B7E75A0021EBC5 /* ipad-menubar-left.png */ = {isa = PBXFileReference; lastKnownFileType = image.png; path = "ipad-menubar-left.png"; sourceTree = "<group>"; };
		610CF73316B7E75A0021EBC5 /* ipad-menubar-left@2x.png */ = {isa = PBXFileReference; lastKnownFileType = image.png; path = "ipad-menubar-left@2x.png"; sourceTree = "<group>"; };
		610CF73416B7E75A0021EBC5 /* ipad-text-input.png */ = {isa = PBXFileReference; lastKnownFileType = image.png; path = "ipad-text-input.png"; sourceTree = "<group>"; };
		610CF73516B7E75A0021EBC5 /* ipad-text-input@2x.png */ = {isa = PBXFileReference; lastKnownFileType = image.png; path = "ipad-text-input@2x.png"; sourceTree = "<group>"; };
		610CF77E16B7F7160021EBC5 /* ipad-menubar-right.png */ = {isa = PBXFileReference; lastKnownFileType = image.png; path = "ipad-menubar-right.png"; sourceTree = "<group>"; };
		610CF77F16B7F7160021EBC5 /* ipad-menubar-right@2x.png */ = {isa = PBXFileReference; lastKnownFileType = image.png; path = "ipad-menubar-right@2x.png"; sourceTree = "<group>"; };
		61797B1F16B9184800A263BD /* ApiKey.h */ = {isa = PBXFileReference; lastKnownFileType = sourcecode.c.h; path = ApiKey.h; sourceTree = "<group>"; };
/* End PBXFileReference section */

/* Begin PBXFrameworksBuildPhase section */
		31560C2516B67F83004D663B /* Frameworks */ = {
			isa = PBXFrameworksBuildPhase;
			buildActionMask = 2147483647;
			files = (
				31560C5D16B680DA004D663B /* CoreLocation.framework in Frameworks */,
				31560C2D16B67F83004D663B /* UIKit.framework in Frameworks */,
				31560C2F16B67F83004D663B /* Foundation.framework in Frameworks */,
				31560C3116B67F83004D663B /* CoreGraphics.framework in Frameworks */,
				841A2D0C4ABC41558B2A947F /* libPods.a in Frameworks */,
			);
			runOnlyForDeploymentPostprocessing = 0;
		};
/* End PBXFrameworksBuildPhase section */

/* Begin PBXGroup section */
		31560C1D16B67F83004D663B = {
			isa = PBXGroup;
			children = (
				610AAE0116B796090049DCAA /* Resources */,
				31560C3216B67F83004D663B /* Todo List */,
				31560C2B16B67F83004D663B /* Frameworks */,
				31560C2916B67F83004D663B /* Products */,
				4E80C135DDC0486E84ECC86B /* Pods.xcconfig */,
			);
			sourceTree = "<group>";
		};
		31560C2916B67F83004D663B /* Products */ = {
			isa = PBXGroup;
			children = (
				31560C2816B67F83004D663B /* Todo List.app */,
			);
			name = Products;
			sourceTree = "<group>";
		};
		31560C2B16B67F83004D663B /* Frameworks */ = {
			isa = PBXGroup;
			children = (
				31560C5C16B680DA004D663B /* CoreLocation.framework */,
				31560C2C16B67F83004D663B /* UIKit.framework */,
				31560C2E16B67F83004D663B /* Foundation.framework */,
				31560C3016B67F83004D663B /* CoreGraphics.framework */,
				4170EBF46299496AAE054FA9 /* libPods.a */,
			);
			name = Frameworks;
			sourceTree = "<group>";
		};
		31560C3216B67F83004D663B /* Todo List */ = {
			isa = PBXGroup;
			children = (
				610CF71B16B7BFD20021EBC5 /* CustomClasses */,
				610AAE1116B799DA0049DCAA /* TableViewCell */,
				610AAE0916B797800049DCAA /* Categories */,
				31560C5F16B6812A004D663B /* ViewControllers */,
				31560C3B16B67F83004D663B /* AppDelegate.h */,
				31560C3C16B67F83004D663B /* AppDelegate.m */,
				31560C4416B67F83004D663B /* MainStoryboard_iPhone.storyboard */,
				31560C4716B67F83004D663B /* MainStoryboard_iPad.storyboard */,
				31560C3316B67F83004D663B /* Supporting Files */,
			);
			path = "Todo List";
			sourceTree = "<group>";
		};
		31560C3316B67F83004D663B /* Supporting Files */ = {
			isa = PBXGroup;
			children = (
				31560C3416B67F83004D663B /* Todo List-Info.plist */,
				31560C3516B67F83004D663B /* InfoPlist.strings */,
				31560C3816B67F83004D663B /* main.m */,
				31560C3A16B67F83004D663B /* Todo List-Prefix.pch */,
				31560C3E16B67F83004D663B /* Default.png */,
				31560C4016B67F83004D663B /* Default@2x.png */,
				31560C4216B67F83004D663B /* Default-568h@2x.png */,
				61797B1F16B9184800A263BD /* ApiKey.h */,
			);
			name = "Supporting Files";
			sourceTree = "<group>";
		};
		31560C5F16B6812A004D663B /* ViewControllers */ = {
			isa = PBXGroup;
			children = (
				31560C6216B68234004D663B /* MasterViewController.h */,
				31560C6316B68234004D663B /* MasterViewController.m */,
				31560C6016B68234004D663B /* DetailViewController.h */,
				31560C6116B68234004D663B /* DetailViewController.m */,
				182A98B216BBBF7700121709 /* LoginViewController.h */,
				182A98B316BBBF7700121709 /* LoginViewController.m */,
				182A98C916BBD0B900121709 /* RegisterViewController.h */,
				182A98CA16BBD0B900121709 /* RegisterViewController.m */,
			);
			path = ViewControllers;
			sourceTree = "<group>";
		};
		610AAE0116B796090049DCAA /* Resources */ = {
			isa = PBXGroup;
			children = (
				610AAE0416B796320049DCAA /* iPad */,
				610AAE0316B796210049DCAA /* iPhone */,
			);
			path = Resources;
			sourceTree = "<group>";
		};
		610AAE0316B796210049DCAA /* iPhone */ = {
			isa = PBXGroup;
			children = (
			);
			path = iPhone;
			sourceTree = "<group>";
		};
		610AAE0416B796320049DCAA /* iPad */ = {
			isa = PBXGroup;
			children = (
				610CF77E16B7F7160021EBC5 /* ipad-menubar-right.png */,
				610CF77F16B7F7160021EBC5 /* ipad-menubar-right@2x.png */,
				610CF72616B7E75A0021EBC5 /* back.png */,
				610CF72716B7E75A0021EBC5 /* back@2x.png */,
				610CF72816B7E75A0021EBC5 /* ipad-arrow-selected.png */,
				610CF72916B7E75A0021EBC5 /* ipad-arrow-selected@2x.png */,
				610CF72A16B7E75A0021EBC5 /* ipad-arrow.png */,
				610CF72B16B7E75A0021EBC5 /* ipad-arrow@2x.png */,
				610CF72C16B7E75A0021EBC5 /* ipad-BG-pattern.png */,
				610CF72D16B7E75A0021EBC5 /* ipad-BG-pattern@2x.png */,
				610CF72E16B7E75A0021EBC5 /* ipad-list-element.png */,
				610CF72F16B7E75A0021EBC5 /* ipad-list-element@2x.png */,
				610CF73016B7E75A0021EBC5 /* ipad-list-item-selected.png */,
				610CF73116B7E75A0021EBC5 /* ipad-list-item-selected@2x.png */,
				610CF73216B7E75A0021EBC5 /* ipad-menubar-left.png */,
				610CF73316B7E75A0021EBC5 /* ipad-menubar-left@2x.png */,
				610CF73416B7E75A0021EBC5 /* ipad-text-input.png */,
				610CF73516B7E75A0021EBC5 /* ipad-text-input@2x.png */,
			);
			path = iPad;
			sourceTree = "<group>";
		};
		610AAE0916B797800049DCAA /* Categories */ = {
			isa = PBXGroup;
			children = (
				610AAE0A16B797A90049DCAA /* UIImage+iPhone5.h */,
				610AAE0B16B797A90049DCAA /* UIImage+iPhone5.m */,
			);
			path = Categories;
			sourceTree = "<group>";
		};
		610AAE1116B799DA0049DCAA /* TableViewCell */ = {
			isa = PBXGroup;
			children = (
				610AAE1216B79A070049DCAA /* MasterCell.h */,
				610AAE1316B79A070049DCAA /* MasterCell.m */,
			);
			path = TableViewCell;
			sourceTree = "<group>";
		};
		610CF71B16B7BFD20021EBC5 /* CustomClasses */ = {
			isa = PBXGroup;
			children = (
				610CF71C16B7C0560021EBC5 /* Task.h */,
				610CF71D16B7C0560021EBC5 /* Task.m */,
				610CF71E16B7C0560021EBC5 /* TodoList.h */,
				610CF71F16B7C0560021EBC5 /* TodoList.m */,
			);
			path = CustomClasses;
			sourceTree = "<group>";
		};
/* End PBXGroup section */

/* Begin PBXNativeTarget section */
		31560C2716B67F83004D663B /* Todo List */ = {
			isa = PBXNativeTarget;
			buildConfigurationList = 31560C5216B67F83004D663B /* Build configuration list for PBXNativeTarget "Todo List" */;
			buildPhases = (
				31560C2416B67F83004D663B /* Sources */,
				31560C2516B67F83004D663B /* Frameworks */,
				31560C2616B67F83004D663B /* Resources */,
				AE4AEDE8322047F19B4C0887 /* Copy Pods Resources */,
			);
			buildRules = (
			);
			dependencies = (
			);
			name = "Todo List";
			productName = "Todo List";
			productReference = 31560C2816B67F83004D663B /* Todo List.app */;
			productType = "com.apple.product-type.application";
		};
/* End PBXNativeTarget section */

/* Begin PBXProject section */
		31560C1F16B67F83004D663B /* Project object */ = {
			isa = PBXProject;
			attributes = {
				LastUpgradeCheck = 0450;
				ORGANIZATIONNAME = "Appacitive Software Pvt. Ltd.";
			};
			buildConfigurationList = 31560C2216B67F83004D663B /* Build configuration list for PBXProject "Todo List" */;
			compatibilityVersion = "Xcode 3.2";
			developmentRegion = English;
			hasScannedForEncodings = 0;
			knownRegions = (
				en,
			);
			mainGroup = 31560C1D16B67F83004D663B;
			productRefGroup = 31560C2916B67F83004D663B /* Products */;
			projectDirPath = "";
			projectRoot = "";
			targets = (
				31560C2716B67F83004D663B /* Todo List */,
			);
		};
/* End PBXProject section */

/* Begin PBXResourcesBuildPhase section */
		31560C2616B67F83004D663B /* Resources */ = {
			isa = PBXResourcesBuildPhase;
			buildActionMask = 2147483647;
			files = (
				31560C3716B67F83004D663B /* InfoPlist.strings in Resources */,
				31560C3F16B67F83004D663B /* Default.png in Resources */,
				31560C4116B67F83004D663B /* Default@2x.png in Resources */,
				31560C4316B67F83004D663B /* Default-568h@2x.png in Resources */,
				31560C4616B67F83004D663B /* MainStoryboard_iPhone.storyboard in Resources */,
				31560C4916B67F83004D663B /* MainStoryboard_iPad.storyboard in Resources */,
				610CF73616B7E75A0021EBC5 /* back.png in Resources */,
				610CF73716B7E75A0021EBC5 /* back@2x.png in Resources */,
				610CF73816B7E75A0021EBC5 /* ipad-arrow-selected.png in Resources */,
				610CF73916B7E75A0021EBC5 /* ipad-arrow-selected@2x.png in Resources */,
				610CF73A16B7E75A0021EBC5 /* ipad-arrow.png in Resources */,
				610CF73B16B7E75A0021EBC5 /* ipad-arrow@2x.png in Resources */,
				610CF73C16B7E75A0021EBC5 /* ipad-BG-pattern.png in Resources */,
				610CF73D16B7E75A0021EBC5 /* ipad-BG-pattern@2x.png in Resources */,
				610CF73E16B7E75A0021EBC5 /* ipad-list-element.png in Resources */,
				610CF73F16B7E75A0021EBC5 /* ipad-list-element@2x.png in Resources */,
				610CF74016B7E75A0021EBC5 /* ipad-list-item-selected.png in Resources */,
				610CF74116B7E75A0021EBC5 /* ipad-list-item-selected@2x.png in Resources */,
				610CF74216B7E75A0021EBC5 /* ipad-menubar-left.png in Resources */,
				610CF74316B7E75A0021EBC5 /* ipad-menubar-left@2x.png in Resources */,
				610CF74416B7E75A0021EBC5 /* ipad-text-input.png in Resources */,
				610CF74516B7E75A0021EBC5 /* ipad-text-input@2x.png in Resources */,
				610CF78016B7F7160021EBC5 /* ipad-menubar-right.png in Resources */,
				610CF78116B7F7160021EBC5 /* ipad-menubar-right@2x.png in Resources */,
			);
			runOnlyForDeploymentPostprocessing = 0;
		};
/* End PBXResourcesBuildPhase section */

/* Begin PBXShellScriptBuildPhase section */
		AE4AEDE8322047F19B4C0887 /* Copy Pods Resources */ = {
			isa = PBXShellScriptBuildPhase;
			buildActionMask = 2147483647;
			files = (
			);
			inputPaths = (
			);
			name = "Copy Pods Resources";
			outputPaths = (
			);
			runOnlyForDeploymentPostprocessing = 0;
			shellPath = /bin/sh;
			shellScript = "\"${SRCROOT}/Pods/Pods-resources.sh\"\n";
		};
/* End PBXShellScriptBuildPhase section */

/* Begin PBXSourcesBuildPhase section */
		31560C2416B67F83004D663B /* Sources */ = {
			isa = PBXSourcesBuildPhase;
			buildActionMask = 2147483647;
			files = (
				31560C3916B67F83004D663B /* main.m in Sources */,
				31560C3D16B67F83004D663B /* AppDelegate.m in Sources */,
				31560C6416B68234004D663B /* DetailViewController.m in Sources */,
				31560C6516B68234004D663B /* MasterViewController.m in Sources */,
				610AAE0C16B797A90049DCAA /* UIImage+iPhone5.m in Sources */,
				610AAE1416B79A070049DCAA /* MasterCell.m in Sources */,
				610CF72016B7C0560021EBC5 /* Task.m in Sources */,
				610CF72116B7C0560021EBC5 /* TodoList.m in Sources */,
				182A98B416BBBF7700121709 /* LoginViewController.m in Sources */,
				182A98CB16BBD0B900121709 /* RegisterViewController.m in Sources */,
			);
			runOnlyForDeploymentPostprocessing = 0;
		};
/* End PBXSourcesBuildPhase section */

/* Begin PBXVariantGroup section */
		31560C3516B67F83004D663B /* InfoPlist.strings */ = {
			isa = PBXVariantGroup;
			children = (
				31560C3616B67F83004D663B /* en */,
			);
			name = InfoPlist.strings;
			sourceTree = "<group>";
		};
		31560C4416B67F83004D663B /* MainStoryboard_iPhone.storyboard */ = {
			isa = PBXVariantGroup;
			children = (
				31560C4516B67F83004D663B /* en */,
			);
			name = MainStoryboard_iPhone.storyboard;
			sourceTree = "<group>";
		};
		31560C4716B67F83004D663B /* MainStoryboard_iPad.storyboard */ = {
			isa = PBXVariantGroup;
			children = (
				31560C4816B67F83004D663B /* en */,
			);
			name = MainStoryboard_iPad.storyboard;
			sourceTree = "<group>";
		};
/* End PBXVariantGroup section */

/* Begin XCBuildConfiguration section */
		31560C5016B67F83004D663B /* Debug */ = {
			isa = XCBuildConfiguration;
			buildSettings = {
				ALWAYS_SEARCH_USER_PATHS = NO;
				CLANG_CXX_LANGUAGE_STANDARD = "gnu++0x";
				CLANG_CXX_LIBRARY = "libc++";
				CLANG_ENABLE_OBJC_ARC = YES;
				CLANG_WARN_EMPTY_BODY = YES;
				CLANG_WARN__DUPLICATE_METHOD_MATCH = YES;
				"CODE_SIGN_IDENTITY[sdk=iphoneos*]" = "";
				COPY_PHASE_STRIP = NO;
				GCC_C_LANGUAGE_STANDARD = gnu99;
				GCC_DYNAMIC_NO_PIC = NO;
				GCC_OPTIMIZATION_LEVEL = 0;
				GCC_PREPROCESSOR_DEFINITIONS = (
					"DEBUG=1",
					"$(inherited)",
				);
				GCC_SYMBOLS_PRIVATE_EXTERN = NO;
				GCC_WARN_ABOUT_RETURN_TYPE = YES;
				GCC_WARN_UNINITIALIZED_AUTOS = YES;
				GCC_WARN_UNUSED_VARIABLE = YES;
				IPHONEOS_DEPLOYMENT_TARGET = 6.0;
				ONLY_ACTIVE_ARCH = YES;
				SDKROOT = iphoneos;
				TARGETED_DEVICE_FAMILY = "1,2";
			};
			name = Debug;
		};
		31560C5116B67F83004D663B /* Release */ = {
			isa = XCBuildConfiguration;
			buildSettings = {
				ALWAYS_SEARCH_USER_PATHS = NO;
				CLANG_CXX_LANGUAGE_STANDARD = "gnu++0x";
				CLANG_CXX_LIBRARY = "libc++";
				CLANG_ENABLE_OBJC_ARC = YES;
				CLANG_WARN_EMPTY_BODY = YES;
				CLANG_WARN__DUPLICATE_METHOD_MATCH = YES;
				CODE_SIGN_IDENTITY = "iPhone Distribution: Tavisca Solutions Pvt. Ltd.";
				"CODE_SIGN_IDENTITY[sdk=iphoneos*]" = "iPhone Distribution: Tavisca Solutions Pvt. Ltd.";
				COPY_PHASE_STRIP = YES;
				GCC_C_LANGUAGE_STANDARD = gnu99;
				GCC_WARN_ABOUT_RETURN_TYPE = YES;
				GCC_WARN_UNINITIALIZED_AUTOS = YES;
				GCC_WARN_UNUSED_VARIABLE = YES;
				IPHONEOS_DEPLOYMENT_TARGET = 6.0;
				OTHER_CFLAGS = "-DNS_BLOCK_ASSERTIONS=1";
				PROVISIONING_PROFILE = "67528E88-AFA5-4C10-B14F-43696C641E32";
				"PROVISIONING_PROFILE[sdk=iphoneos*]" = "67528E88-AFA5-4C10-B14F-43696C641E32";
				SDKROOT = iphoneos;
				TARGETED_DEVICE_FAMILY = "1,2";
				VALIDATE_PRODUCT = YES;
			};
			name = Release;
		};
		31560C5316B67F83004D663B /* Debug */ = {
			isa = XCBuildConfiguration;
			baseConfigurationReference = 4E80C135DDC0486E84ECC86B /* Pods.xcconfig */;
			buildSettings = {
				CODE_SIGN_IDENTITY = "";
				"CODE_SIGN_IDENTITY[sdk=iphoneos*]" = "";
				GCC_PRECOMPILE_PREFIX_HEADER = YES;
				GCC_PREFIX_HEADER = "Todo List/Todo List-Prefix.pch";
				INFOPLIST_FILE = "Todo List/Todo List-Info.plist";
				IPHONEOS_DEPLOYMENT_TARGET = 6.0;
				PRODUCT_NAME = "$(TARGET_NAME)";
				WRAPPER_EXTENSION = app;
			};
			name = Debug;
		};
		31560C5416B67F83004D663B /* Release */ = {
			isa = XCBuildConfiguration;
			baseConfigurationReference = 4E80C135DDC0486E84ECC86B /* Pods.xcconfig */;
			buildSettings = {
				CODE_SIGN_IDENTITY = "iPhone Distribution";
				"CODE_SIGN_IDENTITY[sdk=iphoneos*]" = "iPhone Distribution";
				GCC_PRECOMPILE_PREFIX_HEADER = YES;
				GCC_PREFIX_HEADER = "Todo List/Todo List-Prefix.pch";
				INFOPLIST_FILE = "Todo List/Todo List-Info.plist";
				IPHONEOS_DEPLOYMENT_TARGET = 6.0;
				PRODUCT_NAME = "$(TARGET_NAME)";
				PROVISIONING_PROFILE = "";
				"PROVISIONING_PROFILE[sdk=iphoneos*]" = "";
				WRAPPER_EXTENSION = app;
			};
			name = Release;
		};
/* End XCBuildConfiguration section */

/* Begin XCConfigurationList section */
		31560C2216B67F83004D663B /* Build configuration list for PBXProject "Todo List" */ = {
			isa = XCConfigurationList;
			buildConfigurations = (
				31560C5016B67F83004D663B /* Debug */,
				31560C5116B67F83004D663B /* Release */,
			);
			defaultConfigurationIsVisible = 0;
			defaultConfigurationName = Release;
		};
		31560C5216B67F83004D663B /* Build configuration list for PBXNativeTarget "Todo List" */ = {
			isa = XCConfigurationList;
			buildConfigurations = (
				31560C5316B67F83004D663B /* Debug */,
				31560C5416B67F83004D663B /* Release */,
			);
			defaultConfigurationIsVisible = 0;
			defaultConfigurationName = Release;
		};
/* End XCConfigurationList section */
	};
	rootObject = 31560C1F16B67F83004D663B /* Project object */;
}
